
Microsoft Visual Studio Solution File, Format Version 12.00
# Visual Studio Version 17
VisualStudioVersion = 17.2.32616.157
MinimumVisualStudioVersion = 10.0.40219.1
Project("{9A19103F-16F7-4668-BE54-9A1E7A4F7556}") = "MyFrontEnd", "MyFrontEnd\MyFrontEnd.csproj", "{56E6EEC2-7B80-4897-918D-B643227F34A4}"
EndProject
Project("{9A19103F-16F7-4668-BE54-9A1E7A4F7556}") = "MyBackEnd", "MyBackEnd\MyBackEnd.csproj", "{17B3AFBF-16C1-4252-9655-1CFACF5EEF09}"
EndProject
Project("{E53339B2-1760-4266-BCC7-CA923CBCF16C}") = "docker-compose", "docker-compose.dcproj", "{A5A74351-D735-422D-B860-4948FD3DF919}"
EndProject
Global
	GlobalSection(SolutionConfigurationPlatforms) = preSolution
		Debug|Any CPU = Debug|Any CPU
		Release|Any CPU = Release|Any CPU
	EndGlobalSection
	GlobalSection(ProjectConfigurationPlatforms) = postSolution
		{56E6EEC2-7B80-4897-918D-B643227F34A4}.Debug|Any CPU.ActiveCfg = Debug|Any CPU
		{56E6EEC2-7B80-4897-918D-B643227F34A4}.Debug|Any CPU.Build.0 = Debug|Any CPU
		{56E6EEC2-7B80-4897-918D-B643227F34A4}.Release|Any CPU.ActiveCfg = Release|Any CPU
		{56E6EEC2-7B80-4897-918D-B643227F34A4}.Release|Any CPU.Build.0 = Release|Any CPU
		{17B3AFBF-16C1-4252-9655-1CFACF5EEF09}.Debug|Any CPU.ActiveCfg = Debug|Any CPU
		{17B3AFBF-16C1-4252-9655-1CFACF5EEF09}.Debug|Any CPU.Build.0 = Debug|Any CPU
		{17B3AFBF-16C1-4252-9655-1CFACF5EEF09}.Release|Any CPU.ActiveCfg = Release|Any CPU
		{17B3AFBF-16C1-4252-9655-1CFACF5EEF09}.Release|Any CPU.Build.0 = Release|Any CPU
		{A5A74351-D735-422D-B860-4948FD3DF919}.Debug|Any CPU.ActiveCfg = Debug|Any CPU
		{A5A74351-D735-422D-B860-4948FD3DF919}.Debug|Any CPU.Build.0 = Debug|Any CPU
		{A5A74351-D735-422D-B860-4948FD3DF919}.Release|Any CPU.ActiveCfg = Release|Any CPU
		{A5A74351-D735-422D-B860-4948FD3DF919}.Release|Any CPU.Build.0 = Release|Any CPU
	EndGlobalSection
	GlobalSection(SolutionProperties) = preSolution
		HideSolutionNode = FALSE
	EndGlobalSection
	GlobalSection(ExtensibilityGlobals) = postSolution
		SolutionGuid = {F5FCD3DF-BB68-4DA5-84FD-27F3A9A9F77A}
	EndGlobalSection
EndGlobal
